// !$*UTF8*$!
{
	archiveVersion = 1;
	classes = {
	};
	objectVersion = 56;
	objects = {

/* Begin PBXBuildFile section */
		0F17274B3FAD42E2A8270B10 /* ColorFlaskGameApp.swift in Sources */ = {isa = PBXBuildFile; fileRef = 9FCC7A0CB33644AD9A12B886 /* ColorFlaskGameApp.swift */; };
		23456789ABCDEF0123456789 /* XCTest.framework in Frameworks */ = {isa = PBXBuildFile; fileRef = 123456789ABCDEF012345678 /* XCTest.framework */; };
		7A2F4E8C1D3B5A697089ABCD /* GameManagerTests.swift in Sources */ = {isa = PBXBuildFile; fileRef = 91C4E2A8B6D04F7E9A1C2B3D /* GameManagerTests.swift */; };
		AA12BB34CC56DD78EE90FF12 /* HomeViewModelTests.swift in Sources */ = {isa = PBXBuildFile; fileRef = BB23CC45DD67EE89FF01AA23 /* HomeViewModelTests.swift */; };
		A19F3B6C8D4E41239A0B1C2D /* HomeLayoutTests.swift in Sources */ = {isa = PBXBuildFile; fileRef = B28E4C7D9F5A42318B0C2D3E /* HomeLayoutTests.swift */; };
		C211964E482F4769A9665487 /* AppRootView.swift in Sources */ = {isa = PBXBuildFile; fileRef = 8ADF4B8501C54BD2824D2EAF /* AppRootView.swift */; };
		181B85D6B95B4385A4831F9F /* DesignSystem.swift in Sources */ = {isa = PBXBuildFile; fileRef = 9F3813B97F0143BD8D41A3DB /* DesignSystem.swift */; };
		79E02A0BC5CF48DCA7A0269C /* DSButtonStyle.swift in Sources */ = {isa = PBXBuildFile; fileRef = 50A643FC55544ACC9184FE42 /* DSButtonStyle.swift */; };
		138E74F8AF3C474EB5B0FEA0 /* DSCard.swift in Sources */ = {isa = PBXBuildFile; fileRef = A5E2A4CD530F48EBB1FAD49B /* DSCard.swift */; };
		EC6EBE6960F34CB899E6BAB4 /* HomeView.swift in Sources */ = {isa = PBXBuildFile; fileRef = 7DA4F68DABF84F99B45671D3 /* HomeView.swift */; };
		F1C0EE42085C4E5FACBE744F /* HomeViewModel.swift in Sources */ = {isa = PBXBuildFile; fileRef = FD005B111BF2456AA02DC68F /* HomeViewModel.swift */; };
		D0E4A31C4F7B4F7C8C15A581 /* ProgressStore.swift in Sources */ = {isa = PBXBuildFile; fileRef = 0B927B194A19464F8A46BE91 /* ProgressStore.swift */; };
		C37D5E8F0A6B4C219D3E4F50 /* HomeLayout.swift in Sources */ = {isa = PBXBuildFile; fileRef = D46E6F901B7C4D32AE4F5061 /* HomeLayout.swift */; };
		C71C5AAF553940318162A2E6 /* FlaskProgressView.swift in Sources */ = {isa = PBXBuildFile; fileRef = 751D852F7EE64F49B6CA4828 /* FlaskProgressView.swift */; };
		97C0B73202364BA9B3EF3431 /* GameManager.swift in Sources */ = {isa = PBXBuildFile; fileRef = 00695FA54A604DC186EDAF9F /* GameManager.swift */; };
		EBFBEA59C0424B3C976B90B6 /* FlaskTubeView.swift in Sources */ = {isa = PBXBuildFile; fileRef = 9F79A20F278C4A0F95ECBDA1 /* FlaskTubeView.swift */; };
		C3BF2019A3244B09BD333608 /* PourStreamView.swift in Sources */ = {isa = PBXBuildFile; fileRef = FAF72C8CFA93441BBAFD08A5 /* PourStreamView.swift */; };
		5D77F68C27654AF091C2C6FD /* Assets.xcassets in Resources */ = {isa = PBXBuildFile; fileRef = A95EC223B46D40169C8DAFF2 /* Assets.xcassets */; };
/* End PBXBuildFile section */

/* Begin PBXContainerItemProxy section */
		EF345678091A2B3C4D5E6F70 /* PBXContainerItemProxy */ = {
			isa = PBXContainerItemProxy;
			containerPortal = AC5F9A77F6BB423C8BCE2570 /* Project object */;
			proxyType = 1;
			remoteGlobalIDString = 3FC9D9A9244D4AC88DA63BC5;
			remoteInfo = ColorFlaskGame;
		};
/* End PBXContainerItemProxy section */

/* Begin PBXFileReference section */
		123456789ABCDEF012345678 /* XCTest.framework */ = {isa = PBXFileReference; lastKnownFileType = wrapper.framework; name = XCTest.framework; path = System/Library/Frameworks/XCTest.framework; sourceTree = SDKROOT; };
		4B8D0E2F6A9C1E3B5D7F8091 /* ColorFlaskGameTests.xctest */ = {isa = PBXFileReference; explicitFileType = wrapper.cfbundle; includeInIndex = 0; path = ColorFlaskGameTests.xctest; sourceTree = BUILT_PRODUCTS_DIR; };
		70F4D33EAB3D4254A1363D38 /* ColorFlaskGame.app */ = {isa = PBXFileReference; explicitFileType = wrapper.application; includeInIndex = 0; path = ColorFlaskGame.app; sourceTree = BUILT_PRODUCTS_DIR; };
		91C4E2A8B6D04F7E9A1C2B3D /* GameManagerTests.swift */ = {isa = PBXFileReference; lastKnownFileType = sourcecode.swift; path = GameManagerTests.swift; sourceTree = "<group>"; };
		BB23CC45DD67EE89FF01AA23 /* HomeViewModelTests.swift */ = {isa = PBXFileReference; lastKnownFileType = sourcecode.swift; path = HomeViewModelTests.swift; sourceTree = "<group>"; };
		B28E4C7D9F5A42318B0C2D3E /* HomeLayoutTests.swift */ = {isa = PBXFileReference; lastKnownFileType = sourcecode.swift; path = HomeLayoutTests.swift; sourceTree = "<group>"; };
		9FCC7A0CB33644AD9A12B886 /* ColorFlaskGameApp.swift */ = {isa = PBXFileReference; lastKnownFileType = sourcecode.swift; path = ColorFlaskGameApp.swift; sourceTree = "<group>"; };
		8ADF4B8501C54BD2824D2EAF /* AppRootView.swift */ = {isa = PBXFileReference; lastKnownFileType = sourcecode.swift; path = AppRootView.swift; sourceTree = "<group>"; };
		9F3813B97F0143BD8D41A3DB /* DesignSystem.swift */ = {isa = PBXFileReference; lastKnownFileType = sourcecode.swift; path = DesignSystem.swift; sourceTree = "<group>"; };
		50A643FC55544ACC9184FE42 /* DSButtonStyle.swift */ = {isa = PBXFileReference; lastKnownFileType = sourcecode.swift; path = DSButtonStyle.swift; sourceTree = "<group>"; };
		A5E2A4CD530F48EBB1FAD49B /* DSCard.swift */ = {isa = PBXFileReference; lastKnownFileType = sourcecode.swift; path = DSCard.swift; sourceTree = "<group>"; };
		7DA4F68DABF84F99B45671D3 /* HomeView.swift */ = {isa = PBXFileReference; lastKnownFileType = sourcecode.swift; path = HomeView.swift; sourceTree = "<group>"; };
		FD005B111BF2456AA02DC68F /* HomeViewModel.swift */ = {isa = PBXFileReference; lastKnownFileType = sourcecode.swift; path = HomeViewModel.swift; sourceTree = "<group>"; };
		0B927B194A19464F8A46BE91 /* ProgressStore.swift */ = {isa = PBXFileReference; lastKnownFileType = sourcecode.swift; path = ProgressStore.swift; sourceTree = "<group>"; };
		D46E6F901B7C4D32AE4F5061 /* HomeLayout.swift */ = {isa = PBXFileReference; lastKnownFileType = sourcecode.swift; path = HomeLayout.swift; sourceTree = "<group>"; };
		751D852F7EE64F49B6CA4828 /* FlaskProgressView.swift */ = {isa = PBXFileReference; lastKnownFileType = sourcecode.swift; path = FlaskProgressView.swift; sourceTree = "<group>"; };
		00695FA54A604DC186EDAF9F /* GameManager.swift */ = {isa = PBXFileReference; lastKnownFileType = sourcecode.swift; path = GameManager.swift; sourceTree = "<group>"; };
		9F79A20F278C4A0F95ECBDA1 /* FlaskTubeView.swift */ = {isa = PBXFileReference; lastKnownFileType = sourcecode.swift; path = FlaskTubeView.swift; sourceTree = "<group>"; };
		FAF72C8CFA93441BBAFD08A5 /* PourStreamView.swift */ = {isa = PBXFileReference; lastKnownFileType = sourcecode.swift; path = PourStreamView.swift; sourceTree = "<group>"; };
		A95EC223B46D40169C8DAFF2 /* Assets.xcassets */ = {isa = PBXFileReference; lastKnownFileType = folder.assetcatalog; path = Assets.xcassets; sourceTree = "<group>"; };
/* End PBXFileReference section */

/* Begin PBXFrameworksBuildPhase section */
		3EE7828C35774D2DB4A07A85 /* Frameworks */ = {
			isa = PBXFrameworksBuildPhase;
			buildActionMask = 2147483647;
			files = (
			);
			runOnlyForDeploymentPostprocessing = 0;
		};
		B44D6E8F902A4C6D8E0F1234 /* Frameworks */ = {
			isa = PBXFrameworksBuildPhase;
			buildActionMask = 2147483647;
			files = (
				23456789ABCDEF0123456789 /* XCTest.framework in Frameworks */,
			);
			runOnlyForDeploymentPostprocessing = 0;
		};
/* End PBXFrameworksBuildPhase section */

/* Begin PBXGroup section */
		C8DDBE2C256848F9A7E0D3B7 = {
			isa = PBXGroup;
			children = (
				53A54885423C4D2EB644F58B /* ColorFlaskGame */,
				E77A9012B3C4D5E6F708192A /* ColorFlaskGameTests */,
				3456789ABCDEF0123456789A /* Frameworks */,
				340FCED606E244ADAC41D957 /* Products */,
			);
			sourceTree = "<group>";
		};
		340FCED606E244ADAC41D957 /* Products */ = {
			isa = PBXGroup;
			children = (
				70F4D33EAB3D4254A1363D38 /* ColorFlaskGame.app */,
				4B8D0E2F6A9C1E3B5D7F8091 /* ColorFlaskGameTests.xctest */,
			);
			name = Products;
			sourceTree = "<group>";
		};
		3456789ABCDEF0123456789A /* Frameworks */ = {
			isa = PBXGroup;
			children = (
				123456789ABCDEF012345678 /* XCTest.framework */,
			);
			name = Frameworks;
			sourceTree = "<group>";
		};
		53A54885423C4D2EB644F58B /* ColorFlaskGame */ = {
			isa = PBXGroup;
			children = (
				6FAA902FCFB44EB6B1AFEB91 /* App */,
				4CE1AE3E57E9462483C01574 /* Core */,
				879CDEEAEE3048A1A4DEE765 /* DesignSystem */,
				8E45C211954B47F2B99DF47D /* Features */,
				ECFC8063C9A74CCEA073325A /* Resources */,
			);
			path = ColorFlaskGame;
			sourceTree = "<group>";
		};
		6FAA902FCFB44EB6B1AFEB91 /* App */ = {
			isa = PBXGroup;
			children = (
				9FCC7A0CB33644AD9A12B886 /* ColorFlaskGameApp.swift */,
				8ADF4B8501C54BD2824D2EAF /* AppRootView.swift */,
			);
			path = App;
			sourceTree = "<group>";
		};
		4CE1AE3E57E9462483C01574 /* Core */ = {
			isa = PBXGroup;
			children = (
				C089F065ACFE4B35820E895C /* Game */,
			);
			path = Core;
			sourceTree = "<group>";
		};
		C089F065ACFE4B35820E895C /* Game */ = {
			isa = PBXGroup;
			children = (
				00695FA54A604DC186EDAF9F /* GameManager.swift */,
			);
			path = Game;
			sourceTree = "<group>";
		};
		879CDEEAEE3048A1A4DEE765 /* DesignSystem */ = {
			isa = PBXGroup;
			children = (
				9F3813B97F0143BD8D41A3DB /* DesignSystem.swift */,
				50A643FC55544ACC9184FE42 /* DSButtonStyle.swift */,
				A5E2A4CD530F48EBB1FAD49B /* DSCard.swift */,
			);
			path = DesignSystem;
			sourceTree = "<group>";
		};
		8E45C211954B47F2B99DF47D /* Features */ = {
			isa = PBXGroup;
			children = (
				7564E30177744B269F762BDD /* Home */,
			);
			path = Features;
			sourceTree = "<group>";
		};
		7564E30177744B269F762BDD /* Home */ = {
			isa = PBXGroup;
			children = (
				7DA4F68DABF84F99B45671D3 /* HomeView.swift */,
				FD005B111BF2456AA02DC68F /* HomeViewModel.swift */,
				0B927B194A19464F8A46BE91 /* ProgressStore.swift */,
				D46E6F901B7C4D32AE4F5061 /* HomeLayout.swift */,
				751D852F7EE64F49B6CA4828 /* FlaskProgressView.swift */,
				9F79A20F278C4A0F95ECBDA1 /* FlaskTubeView.swift */,
				FAF72C8CFA93441BBAFD08A5 /* PourStreamView.swift */,
			);
			path = Home;
			sourceTree = "<group>";
		};
		ECFC8063C9A74CCEA073325A /* Resources */ = {
			isa = PBXGroup;
			children = (
				A95EC223B46D40169C8DAFF2 /* Assets.xcassets */,
			);
			path = Resources;
			sourceTree = "<group>";
		};
		E77A9012B3C4D5E6F708192A /* ColorFlaskGameTests */ = {
			isa = PBXGroup;
			children = (
				F0123456789ABCDEF0123456 /* Core */,
				CC34DD56EE78FF90AA12BB34 /* Features */,
			);
			path = ColorFlaskGameTests;
			sourceTree = "<group>";
		};
		F0123456789ABCDEF0123456 /* Core */ = {
			isa = PBXGroup;
			children = (
				0123456789ABCDEF01234567 /* Game */,
			);
			path = Core;
			sourceTree = "<group>";
		};
		0123456789ABCDEF01234567 /* Game */ = {
			isa = PBXGroup;
			children = (
				91C4E2A8B6D04F7E9A1C2B3D /* GameManagerTests.swift */,
			);
			path = Game;
			sourceTree = "<group>";
		};
		CC34DD56EE78FF90AA12BB34 /* Features */ = {
			isa = PBXGroup;
			children = (
				DD45EE67FF89AA01BB23CC45 /* Home */,
			);
			path = Features;
			sourceTree = "<group>";
		};
		DD45EE67FF89AA01BB23CC45 /* Home */ = {
			isa = PBXGroup;
			children = (
				BB23CC45DD67EE89FF01AA23 /* HomeViewModelTests.swift */,
				B28E4C7D9F5A42318B0C2D3E /* HomeLayoutTests.swift */,
			);
			path = Home;
			sourceTree = "<group>";
		};
/* End PBXGroup section */

/* Begin PBXNativeTarget section */
		3FC9D9A9244D4AC88DA63BC5 /* ColorFlaskGame */ = {
			isa = PBXNativeTarget;
			buildConfigurationList = 109EA58520784571AD98732C /* Build configuration list for PBXNativeTarget "ColorFlaskGame" */;
			buildPhases = (
				963132A3B7FC4C06AC1CFB03 /* Sources */,
				3EE7828C35774D2DB4A07A85 /* Frameworks */,
				5C5A3AEEF6A74061BD2A89F0 /* Resources */,
			);
			buildRules = (
			);
			dependencies = (
			);
			name = ColorFlaskGame;
			productName = ColorFlaskGame;
			productReference = 70F4D33EAB3D4254A1363D38 /* ColorFlaskGame.app */;
			productType = "com.apple.product-type.application";
		};
		F88B0123C4D5E6F708192A3B /* ColorFlaskGameTests */ = {
			isa = PBXNativeTarget;
			buildConfigurationList = AB901234C5D6E7F8091A2B3C /* Build configuration list for PBXNativeTarget "ColorFlaskGameTests" */;
			buildPhases = (
				C55E7F901A2B4C6D8E0F1234 /* Sources */,
				B44D6E8F902A4C6D8E0F1234 /* Frameworks */,
				D66F8091A2B3C4D5E6F70819 /* Resources */,
			);
			buildRules = (
			);
			dependencies = (
				DE234567F8091A2B3C4D5E6F /* PBXTargetDependency */,
			);
			name = ColorFlaskGameTests;
			productName = ColorFlaskGameTests;
			productReference = 4B8D0E2F6A9C1E3B5D7F8091 /* ColorFlaskGameTests.xctest */;
			productType = "com.apple.product-type.bundle.unit-test";
		};
/* End PBXNativeTarget section */

/* Begin PBXProject section */
		AC5F9A77F6BB423C8BCE2570 /* Project object */ = {
			isa = PBXProject;
			attributes = {
				BuildIndependentTargetsInParallel = 1;
				LastSwiftUpdateCheck = 1600;
				LastUpgradeCheck = 1600;
				TargetAttributes = {
					3FC9D9A9244D4AC88DA63BC5 = {
						CreatedOnToolsVersion = 16.0;
					};
					F88B0123C4D5E6F708192A3B = {
						CreatedOnToolsVersion = 16.0;
						TestTargetID = 3FC9D9A9244D4AC88DA63BC5;
					};
				};
			};
			buildConfigurationList = 5741C4BBA2D349BDB72ED0D2 /* Build configuration list for PBXProject "ColorFlaskGame" */;
			compatibilityVersion = "Xcode 14.0";
			developmentRegion = en;
			hasScannedForEncodings = 0;
			knownRegions = (
				en,
				Base,
			);
			mainGroup = C8DDBE2C256848F9A7E0D3B7;
			productRefGroup = 340FCED606E244ADAC41D957 /* Products */;
			projectDirPath = "";
			projectRoot = "";
			targets = (
				3FC9D9A9244D4AC88DA63BC5 /* ColorFlaskGame */,
				F88B0123C4D5E6F708192A3B /* ColorFlaskGameTests */,
			);
		};
/* End PBXProject section */

/* Begin PBXResourcesBuildPhase section */
		5C5A3AEEF6A74061BD2A89F0 /* Resources */ = {
			isa = PBXResourcesBuildPhase;
			buildActionMask = 2147483647;
			files = (
				5D77F68C27654AF091C2C6FD /* Assets.xcassets in Resources */,
			);
			runOnlyForDeploymentPostprocessing = 0;
		};
		D66F8091A2B3C4D5E6F70819 /* Resources */ = {
			isa = PBXResourcesBuildPhase;
			buildActionMask = 2147483647;
			files = (
			);
			runOnlyForDeploymentPostprocessing = 0;
		};
/* End PBXResourcesBuildPhase section */

/* Begin PBXSourcesBuildPhase section */
		963132A3B7FC4C06AC1CFB03 /* Sources */ = {
			isa = PBXSourcesBuildPhase;
			buildActionMask = 2147483647;
			files = (
				0F17274B3FAD42E2A8270B10 /* ColorFlaskGameApp.swift in Sources */,
				C211964E482F4769A9665487 /* AppRootView.swift in Sources */,
				181B85D6B95B4385A4831F9F /* DesignSystem.swift in Sources */,
				79E02A0BC5CF48DCA7A0269C /* DSButtonStyle.swift in Sources */,
				138E74F8AF3C474EB5B0FEA0 /* DSCard.swift in Sources */,
				97C0B73202364BA9B3EF3431 /* GameManager.swift in Sources */,
				EC6EBE6960F34CB899E6BAB4 /* HomeView.swift in Sources */,
				F1C0EE42085C4E5FACBE744F /* HomeViewModel.swift in Sources */,
				D0E4A31C4F7B4F7C8C15A581 /* ProgressStore.swift in Sources */,
				C37D5E8F0A6B4C219D3E4F50 /* HomeLayout.swift in Sources */,
				C71C5AAF553940318162A2E6 /* FlaskProgressView.swift in Sources */,
				EBFBEA59C0424B3C976B90B6 /* FlaskTubeView.swift in Sources */,
				C3BF2019A3244B09BD333608 /* PourStreamView.swift in Sources */,
			);
			runOnlyForDeploymentPostprocessing = 0;
		};
		C55E7F901A2B4C6D8E0F1234 /* Sources */ = {
			isa = PBXSourcesBuildPhase;
			buildActionMask = 2147483647;
			files = (
				7A2F4E8C1D3B5A697089ABCD /* GameManagerTests.swift in Sources */,
				AA12BB34CC56DD78EE90FF12 /* HomeViewModelTests.swift in Sources */,
				A19F3B6C8D4E41239A0B1C2D /* HomeLayoutTests.swift in Sources */,
			);
			runOnlyForDeploymentPostprocessing = 0;
		};
/* End PBXSourcesBuildPhase section */

/* Begin PBXTargetDependency section */
		DE234567F8091A2B3C4D5E6F /* PBXTargetDependency */ = {
			isa = PBXTargetDependency;
			target = 3FC9D9A9244D4AC88DA63BC5 /* ColorFlaskGame */;
			targetProxy = EF345678091A2B3C4D5E6F70 /* PBXContainerItemProxy */;
		};
/* End PBXTargetDependency section */

/* Begin XCBuildConfiguration section */
		929D84ECE99949C1A9CE192E /* Debug */ = {
			isa = XCBuildConfiguration;
			buildSettings = {
				ALWAYS_SEARCH_USER_PATHS = NO;
				CLANG_ANALYZER_NONNULL = YES;
				CLANG_ANALYZER_NUMBER_OBJECT_CONVERSION = YES_AGGRESSIVE;
				CLANG_CXX_LANGUAGE_STANDARD = "gnu++20";
				CLANG_ENABLE_MODULES = YES;
				CLANG_ENABLE_OBJC_ARC = YES;
				CLANG_ENABLE_OBJC_WEAK = YES;
				CLANG_WARN_BLOCK_CAPTURE_AUTORELEASING = YES;
				CLANG_WARN_BOOL_CONVERSION = YES;
				CLANG_WARN_COMMA = YES;
				CLANG_WARN_CONSTANT_CONVERSION = YES;
				CLANG_WARN_DEPRECATED_OBJC_IMPLEMENTATIONS = YES;
				CLANG_WARN_DIRECT_OBJC_ISA_USAGE = YES_ERROR;
				CLANG_WARN_DOCUMENTATION_COMMENTS = YES;
				CLANG_WARN_EMPTY_BODY = YES;
				CLANG_WARN_ENUM_CONVERSION = YES;
				CLANG_WARN_INFINITE_RECURSION = YES;
				CLANG_WARN_INT_CONVERSION = YES;
				CLANG_WARN_NON_LITERAL_NULL_CONVERSION = YES;
				CLANG_WARN_OBJC_IMPLICIT_RETAIN_SELF = YES;
				CLANG_WARN_OBJC_LITERAL_CONVERSION = YES;
				CLANG_WARN_OBJC_ROOT_CLASS = YES_ERROR;
				CLANG_WARN_QUOTED_INCLUDE_IN_FRAMEWORK_HEADER = YES;
				CLANG_WARN_RANGE_LOOP_ANALYSIS = YES;
				CLANG_WARN_STRICT_PROTOTYPES = YES;
				CLANG_WARN_SUSPICIOUS_MOVE = YES;
				CLANG_WARN_UNGUARDED_AVAILABILITY = YES_AGGRESSIVE;
				CLANG_WARN_UNREACHABLE_CODE = YES;
				CLANG_WARN__DUPLICATE_METHOD_MATCH = YES;
				COPY_PHASE_STRIP = NO;
				DEBUG_INFORMATION_FORMAT = dwarf;
				ENABLE_STRICT_OBJC_MSGSEND = YES;
				ENABLE_TESTABILITY = YES;
				ENABLE_USER_SCRIPT_SANDBOXING = YES;
				GCC_C_LANGUAGE_STANDARD = gnu17;
				GCC_DYNAMIC_NO_PIC = NO;
				GCC_NO_COMMON_BLOCKS = YES;
				GCC_OPTIMIZATION_LEVEL = 0;
				GCC_PREPROCESSOR_DEFINITIONS = (
					"DEBUG=1",
					"$(inherited)",
				);
				GCC_WARN_64_TO_32_BIT_CONVERSION = YES;
				GCC_WARN_ABOUT_RETURN_TYPE = YES_ERROR;
				GCC_WARN_UNDECLARED_SELECTOR = YES;
				GCC_WARN_UNINITIALIZED_AUTOS = YES_AGGRESSIVE;
				GCC_WARN_UNUSED_FUNCTION = YES;
				GCC_WARN_UNUSED_VARIABLE = YES;
				IPHONEOS_DEPLOYMENT_TARGET = 17.0;
				MTL_ENABLE_DEBUG_INFO = INCLUDE_SOURCE;
				MTL_FAST_MATH = YES;
				ONLY_ACTIVE_ARCH = YES;
				SDKROOT = iphoneos;
				SWIFT_ACTIVE_COMPILATION_CONDITIONS = DEBUG;
				SWIFT_OPTIMIZATION_LEVEL = "-Onone";
			};
			name = Debug;
		};
		5632BDA287E64C0F8D3F0682 /* Release */ = {
			isa = XCBuildConfiguration;
			buildSettings = {
				ALWAYS_SEARCH_USER_PATHS = NO;
				CLANG_ANALYZER_NONNULL = YES;
				CLANG_ANALYZER_NUMBER_OBJECT_CONVERSION = YES_AGGRESSIVE;
				CLANG_CXX_LANGUAGE_STANDARD = "gnu++20";
				CLANG_ENABLE_MODULES = YES;
				CLANG_ENABLE_OBJC_ARC = YES;
				CLANG_ENABLE_OBJC_WEAK = YES;
				CLANG_WARN_BLOCK_CAPTURE_AUTORELEASING = YES;
				CLANG_WARN_BOOL_CONVERSION = YES;
				CLANG_WARN_COMMA = YES;
				CLANG_WARN_CONSTANT_CONVERSION = YES;
				CLANG_WARN_DEPRECATED_OBJC_IMPLEMENTATIONS = YES;
				CLANG_WARN_DIRECT_OBJC_ISA_USAGE = YES_ERROR;
				CLANG_WARN_DOCUMENTATION_COMMENTS = YES;
				CLANG_WARN_EMPTY_BODY = YES;
				CLANG_WARN_ENUM_CONVERSION = YES;
				CLANG_WARN_INFINITE_RECURSION = YES;
				CLANG_WARN_INT_CONVERSION = YES;
				CLANG_WARN_NON_LITERAL_NULL_CONVERSION = YES;
				CLANG_WARN_OBJC_IMPLICIT_RETAIN_SELF = YES;
				CLANG_WARN_OBJC_LITERAL_CONVERSION = YES;
				CLANG_WARN_OBJC_ROOT_CLASS = YES_ERROR;
				CLANG_WARN_QUOTED_INCLUDE_IN_FRAMEWORK_HEADER = YES;
				CLANG_WARN_RANGE_LOOP_ANALYSIS = YES;
				CLANG_WARN_STRICT_PROTOTYPES = YES;
				CLANG_WARN_SUSPICIOUS_MOVE = YES;
				CLANG_WARN_UNGUARDED_AVAILABILITY = YES_AGGRESSIVE;
				CLANG_WARN_UNREACHABLE_CODE = YES;
				CLANG_WARN__DUPLICATE_METHOD_MATCH = YES;
				COPY_PHASE_STRIP = NO;
				DEBUG_INFORMATION_FORMAT = "dwarf-with-dsym";
				ENABLE_NS_ASSERTIONS = NO;
				ENABLE_STRICT_OBJC_MSGSEND = YES;
				ENABLE_USER_SCRIPT_SANDBOXING = YES;
				GCC_C_LANGUAGE_STANDARD = gnu17;
				GCC_NO_COMMON_BLOCKS = YES;
				GCC_WARN_64_TO_32_BIT_CONVERSION = YES;
				GCC_WARN_ABOUT_RETURN_TYPE = YES_ERROR;
				GCC_WARN_UNDECLARED_SELECTOR = YES;
				GCC_WARN_UNINITIALIZED_AUTOS = YES_AGGRESSIVE;
				GCC_WARN_UNUSED_FUNCTION = YES;
				GCC_WARN_UNUSED_VARIABLE = YES;
				IPHONEOS_DEPLOYMENT_TARGET = 17.0;
				MTL_ENABLE_DEBUG_INFO = NO;
				MTL_FAST_MATH = YES;
				SDKROOT = iphoneos;
				SWIFT_COMPILATION_MODE = wholemodule;
				SWIFT_OPTIMIZATION_LEVEL = "-O";
				VALIDATE_PRODUCT = YES;
			};
			name = Release;
		};
		03D5A8FE4506410EAF685D7F /* Debug */ = {
			isa = XCBuildConfiguration;
			buildSettings = {
				ASSETCATALOG_COMPILER_APPICON_NAME = AppIcon;
				ASSETCATALOG_COMPILER_GLOBAL_ACCENT_COLOR_NAME = AccentColor;
				CODE_SIGN_STYLE = Automatic;
				CURRENT_PROJECT_VERSION = 1;
				DEVELOPMENT_ASSET_PATHS = "";
				DEVELOPMENT_TEAM = "";
				ENABLE_PREVIEWS = YES;
				GENERATE_INFOPLIST_FILE = YES;
				INFOPLIST_KEY_CFBundleDisplayName = "Color Flask Game";
				INFOPLIST_KEY_LSApplicationCategoryType = "public.app-category.games";
				INFOPLIST_KEY_UIApplicationSceneManifest_Generation = YES;
				INFOPLIST_KEY_UIApplicationSupportsIndirectInputEvents = YES;
				INFOPLIST_KEY_UILaunchScreen_Generation = YES;
				INFOPLIST_KEY_UISupportedInterfaceOrientations_iPad = UIInterfaceOrientationPortrait;
				INFOPLIST_KEY_UISupportedInterfaceOrientations_iPhone = "UIInterfaceOrientationPortrait";
				IPHONEOS_DEPLOYMENT_TARGET = 17.0;
				MARKETING_VERSION = 1.0;
				PRODUCT_BUNDLE_IDENTIFIER = com.fantasma.ColorFlaskGame;
				PRODUCT_NAME = "$(TARGET_NAME)";
				SWIFT_EMIT_LOC_STRINGS = YES;
				SWIFT_VERSION = 5.0;
				TARGETED_DEVICE_FAMILY = "1,2";
			};
			name = Debug;
		};
		4E824ADFB13C4205818A3321 /* Release */ = {
			isa = XCBuildConfiguration;
			buildSettings = {
				ASSETCATALOG_COMPILER_APPICON_NAME = AppIcon;
				ASSETCATALOG_COMPILER_GLOBAL_ACCENT_COLOR_NAME = AccentColor;
				CODE_SIGN_STYLE = Automatic;
				CURRENT_PROJECT_VERSION = 1;
				DEVELOPMENT_ASSET_PATHS = "";
				DEVELOPMENT_TEAM = "";
				ENABLE_PREVIEWS = YES;
				GENERATE_INFOPLIST_FILE = YES;
				INFOPLIST_KEY_CFBundleDisplayName = "Color Flask Game";
				INFOPLIST_KEY_LSApplicationCategoryType = "public.app-category.games";
				INFOPLIST_KEY_UIApplicationSceneManifest_Generation = YES;
				INFOPLIST_KEY_UIApplicationSupportsIndirectInputEvents = YES;
				INFOPLIST_KEY_UILaunchScreen_Generation = YES;
				INFOPLIST_KEY_UISupportedInterfaceOrientations_iPad = UIInterfaceOrientationPortrait;
				INFOPLIST_KEY_UISupportedInterfaceOrientations_iPhone = "UIInterfaceOrientationPortrait";
				IPHONEOS_DEPLOYMENT_TARGET = 17.0;
				MARKETING_VERSION = 1.0;
				PRODUCT_BUNDLE_IDENTIFIER = com.fantasma.ColorFlaskGame;
				PRODUCT_NAME = "$(TARGET_NAME)";
				SWIFT_EMIT_LOC_STRINGS = YES;
				SWIFT_VERSION = 5.0;
				TARGETED_DEVICE_FAMILY = "1,2";
			};
			name = Release;
		};
		BC012345D6E7F8091A2B3C4D /* Debug */ = {
			isa = XCBuildConfiguration;
			buildSettings = {
				BUNDLE_LOADER = "$(TEST_HOST)";
				CODE_SIGN_STYLE = Automatic;
				DEVELOPMENT_TEAM = "";
				GENERATE_INFOPLIST_FILE = YES;
				IPHONEOS_DEPLOYMENT_TARGET = 17.0;
				PRODUCT_BUNDLE_IDENTIFIER = com.fantasma.ColorFlaskGameTests;
				PRODUCT_NAME = "$(TARGET_NAME)";
				SWIFT_EMIT_LOC_STRINGS = NO;
				SWIFT_VERSION = 5.0;
				TARGETED_DEVICE_FAMILY = "1,2";
				TEST_HOST = "$(BUILT_PRODUCTS_DIR)/ColorFlaskGame.app/$(BUNDLE_EXECUTABLE_FOLDER_PATH)/ColorFlaskGame";
			};
			name = Debug;
		};
		CD123456E7F8091A2B3C4D5E /* Release */ = {
			isa = XCBuildConfiguration;
			buildSettings = {
				BUNDLE_LOADER = "$(TEST_HOST)";
				CODE_SIGN_STYLE = Automatic;
				DEVELOPMENT_TEAM = "";
				GENERATE_INFOPLIST_FILE = YES;
				IPHONEOS_DEPLOYMENT_TARGET = 17.0;
				PRODUCT_BUNDLE_IDENTIFIER = com.fantasma.ColorFlaskGameTests;
				PRODUCT_NAME = "$(TARGET_NAME)";
				SWIFT_EMIT_LOC_STRINGS = NO;
				SWIFT_VERSION = 5.0;
				TARGETED_DEVICE_FAMILY = "1,2";
				TEST_HOST = "$(BUILT_PRODUCTS_DIR)/ColorFlaskGame.app/$(BUNDLE_EXECUTABLE_FOLDER_PATH)/ColorFlaskGame";
			};
			name = Release;
		};
/* End XCBuildConfiguration section */

/* Begin XCConfigurationList section */
		5741C4BBA2D349BDB72ED0D2 /* Build configuration list for PBXProject "ColorFlaskGame" */ = {
			isa = XCConfigurationList;
			buildConfigurations = (
				929D84ECE99949C1A9CE192E /* Debug */,
				5632BDA287E64C0F8D3F0682 /* Release */,
			);
			defaultConfigurationIsVisible = 0;
			defaultConfigurationName = Release;
		};
		109EA58520784571AD98732C /* Build configuration list for PBXNativeTarget "ColorFlaskGame" */ = {
			isa = XCConfigurationList;
			buildConfigurations = (
				03D5A8FE4506410EAF685D7F /* Debug */,
				4E824ADFB13C4205818A3321 /* Release */,
			);
			defaultConfigurationIsVisible = 0;
			defaultConfigurationName = Release;
		};
		AB901234C5D6E7F8091A2B3C /* Build configuration list for PBXNativeTarget "ColorFlaskGameTests" */ = {
			isa = XCConfigurationList;
			buildConfigurations = (
				BC012345D6E7F8091A2B3C4D /* Debug */,
				CD123456E7F8091A2B3C4D5E /* Release */,
			);
			defaultConfigurationIsVisible = 0;
			defaultConfigurationName = Release;
		};
/* End XCConfigurationList section */
	};
	rootObject = AC5F9A77F6BB423C8BCE2570 /* Project object */;
}
